
Microsoft Visual Studio Solution File, Format Version 12.00
# Visual Studio 15
VisualStudioVersion = 15.0.28307.168
MinimumVisualStudioVersion = 10.0.40219.1
Project("{FAE04EC0-301F-11D3-BF4B-00C04F79EFBC}") = "TP_Teoria_Linguagem", "TPI_Teoria_Linguagem\TP_Teoria_Linguagem.csproj", "{CCAFD8D8-626D-44DA-A659-9E16A0486C71}"
EndProject
Project("{FAE04EC0-301F-11D3-BF4B-00C04F79EFBC}") = "TP_Teoria_Linguagem_UnitTests", "TPI_Teoria_Linguagem_UnitTests\TP_Teoria_Linguagem_UnitTests.csproj", "{132DE072-008F-4A26-B14A-C6F2F75D805E}"
EndProject
Global
	GlobalSection(SolutionConfigurationPlatforms) = preSolution
		Debug|Any CPU = Debug|Any CPU
		Release|Any CPU = Release|Any CPU
	EndGlobalSection
	GlobalSection(ProjectConfigurationPlatforms) = postSolution
		{CCAFD8D8-626D-44DA-A659-9E16A0486C71}.Debug|Any CPU.ActiveCfg = Debug|Any CPU
		{CCAFD8D8-626D-44DA-A659-9E16A0486C71}.Debug|Any CPU.Build.0 = Debug|Any CPU
		{CCAFD8D8-626D-44DA-A659-9E16A0486C71}.Release|Any CPU.ActiveCfg = Release|Any CPU
		{CCAFD8D8-626D-44DA-A659-9E16A0486C71}.Release|Any CPU.Build.0 = Release|Any CPU
		{132DE072-008F-4A26-B14A-C6F2F75D805E}.Debug|Any CPU.ActiveCfg = Debug|Any CPU
		{132DE072-008F-4A26-B14A-C6F2F75D805E}.Debug|Any CPU.Build.0 = Debug|Any CPU
		{132DE072-008F-4A26-B14A-C6F2F75D805E}.Release|Any CPU.ActiveCfg = Release|Any CPU
		{132DE072-008F-4A26-B14A-C6F2F75D805E}.Release|Any CPU.Build.0 = Release|Any CPU
	EndGlobalSection
	GlobalSection(SolutionProperties) = preSolution
		HideSolutionNode = FALSE
	EndGlobalSection
	GlobalSection(ExtensibilityGlobals) = postSolution
		SolutionGuid = {D5332404-9D53-4995-AFFF-56D00DB598F1}
	EndGlobalSection
EndGlobal
